
Microsoft Visual Studio Solution File, Format Version 12.00
# Visual Studio Version 17
VisualStudioVersion = 17.10.35004.147
MinimumVisualStudioVersion = 10.0.40219.1
Project("{FAE04EC0-301F-11D3-BF4B-00C04F79EFBC}") = "ConsoleApp1", "ConsoleApp1\ConsoleApp1.csproj", "{D59FB986-3A46-4DCF-A366-11742D9ECDF2}"
EndProject
Global
	GlobalSection(SolutionConfigurationPlatforms) = preSolution
		Debug|Any CPU = Debug|Any CPU
		Release|Any CPU = Release|Any CPU
	EndGlobalSection
	GlobalSection(ProjectConfigurationPlatforms) = postSolution
		{D59FB986-3A46-4DCF-A366-11742D9ECDF2}.Debug|Any CPU.ActiveCfg = Debug|Any CPU
		{D59FB986-3A46-4DCF-A366-11742D9ECDF2}.Debug|Any CPU.Build.0 = Debug|Any CPU
		{D59FB986-3A46-4DCF-A366-11742D9ECDF2}.Release|Any CPU.ActiveCfg = Release|Any CPU
		{D59FB986-3A46-4DCF-A366-11742D9ECDF2}.Release|Any CPU.Build.0 = Release|Any CPU
	EndGlobalSection
	GlobalSection(SolutionProperties) = preSolution
		HideSolutionNode = FALSE
	EndGlobalSection
	GlobalSection(ExtensibilityGlobals) = postSolution
		SolutionGuid = {73E52ED6-F462-46B4-9003-70269B5DE8CB}
	EndGlobalSection
EndGlobal
