
Microsoft Visual Studio Solution File, Format Version 12.00
# Visual Studio Version 17
VisualStudioVersion = 17.10.35004.147
MinimumVisualStudioVersion = 10.0.40219.1
Project("{FAE04EC0-301F-11D3-BF4B-00C04F79EFBC}") = "ConsoleApp2", "ConsoleApp2\ConsoleApp2.csproj", "{89F746AF-7F5B-45E9-B275-A3D745DB5F01}"
EndProject
Global
	GlobalSection(SolutionConfigurationPlatforms) = preSolution
		Debug|Any CPU = Debug|Any CPU
		Release|Any CPU = Release|Any CPU
	EndGlobalSection
	GlobalSection(ProjectConfigurationPlatforms) = postSolution
		{89F746AF-7F5B-45E9-B275-A3D745DB5F01}.Debug|Any CPU.ActiveCfg = Debug|Any CPU
		{89F746AF-7F5B-45E9-B275-A3D745DB5F01}.Debug|Any CPU.Build.0 = Debug|Any CPU
		{89F746AF-7F5B-45E9-B275-A3D745DB5F01}.Release|Any CPU.ActiveCfg = Release|Any CPU
		{89F746AF-7F5B-45E9-B275-A3D745DB5F01}.Release|Any CPU.Build.0 = Release|Any CPU
	EndGlobalSection
	GlobalSection(SolutionProperties) = preSolution
		HideSolutionNode = FALSE
	EndGlobalSection
	GlobalSection(ExtensibilityGlobals) = postSolution
		SolutionGuid = {FE9F24D4-7FBF-40DB-B0D5-2830FD6AC02F}
	EndGlobalSection
EndGlobal
