
Microsoft Visual Studio Solution File, Format Version 12.00
# Visual Studio Version 17
VisualStudioVersion = 17.10.35004.147
MinimumVisualStudioVersion = 10.0.40219.1
Project("{FAE04EC0-301F-11D3-BF4B-00C04F79EFBC}") = "array", "array\array.csproj", "{6C5A2063-0377-4BAB-A760-E10714B0B203}"
EndProject
Global
	GlobalSection(SolutionConfigurationPlatforms) = preSolution
		Debug|Any CPU = Debug|Any CPU
		Release|Any CPU = Release|Any CPU
	EndGlobalSection
	GlobalSection(ProjectConfigurationPlatforms) = postSolution
		{6C5A2063-0377-4BAB-A760-E10714B0B203}.Debug|Any CPU.ActiveCfg = Debug|Any CPU
		{6C5A2063-0377-4BAB-A760-E10714B0B203}.Debug|Any CPU.Build.0 = Debug|Any CPU
		{6C5A2063-0377-4BAB-A760-E10714B0B203}.Release|Any CPU.ActiveCfg = Release|Any CPU
		{6C5A2063-0377-4BAB-A760-E10714B0B203}.Release|Any CPU.Build.0 = Release|Any CPU
	EndGlobalSection
	GlobalSection(SolutionProperties) = preSolution
		HideSolutionNode = FALSE
	EndGlobalSection
	GlobalSection(ExtensibilityGlobals) = postSolution
		SolutionGuid = {112B2191-4A5F-49B7-B6A0-7DC00D5F67CB}
	EndGlobalSection
EndGlobal
